
Microsoft Visual Studio Solution File, Format Version 11.00
# Visual Studio 2010
Project("{8BC9CEB8-8B4A-11D0-8D11-00A0C91BC942}") = "iMain", "iMain.vcxproj", "{907FE8BC-6F48-E4A6-3C0E-25014765300D}"
EndProject
Global
	GlobalSection(SolutionConfigurationPlatforms) = preSolution
		Debug|Win32 = Debug|Win32
		Release|Win32 = Release|Win32
	EndGlobalSection
	GlobalSection(ProjectConfigurationPlatforms) = postSolution
		{907FE8BC-6F48-E4A6-3C0E-25014765300D}.Debug|Win32.ActiveCfg = Debug|Win32
		{907FE8BC-6F48-E4A6-3C0E-25014765300D}.Debug|Win32.Build.0 = Debug|Win32
		{907FE8BC-6F48-E4A6-3C0E-25014765300D}.Release|Win32.ActiveCfg = Release|Win32
		{907FE8BC-6F48-E4A6-3C0E-25014765300D}.Release|Win32.Build.0 = Release|Win32
	EndGlobalSection
	GlobalSection(SolutionProperties) = preSolution
		HideSolutionNode = FALSE
	EndGlobalSection
EndGlobal
